// !$*UTF8*$!
{
	archiveVersion = 1;
	classes = {
	};
	objectVersion = 55;
	objects = {

/* Begin PBXBuildFile section */
		F61690B228B2610B00F513DC /* Alamofire in Frameworks */ = {isa = PBXBuildFile; productRef = F61690B128B2610B00F513DC /* Alamofire */; };
		F61690B528B2611600F513DC /* SwiftyJSON in Frameworks */ = {isa = PBXBuildFile; productRef = F61690B428B2611600F513DC /* SwiftyJSON */; };
		F61690B828B2612200F513DC /* Kingfisher in Frameworks */ = {isa = PBXBuildFile; productRef = F61690B728B2612200F513DC /* Kingfisher */; };
		F61690BA28B264E200F513DC /* .gitignore in Resources */ = {isa = PBXBuildFile; fileRef = F61690B928B264E200F513DC /* .gitignore */; };
		F61690BD28B2650F00F513DC /* Key.swift in Sources */ = {isa = PBXBuildFile; fileRef = F61690BC28B2650F00F513DC /* Key.swift */; };
		F61690BF28B2651A00F513DC /* APIManager.swift in Sources */ = {isa = PBXBuildFile; fileRef = F61690BE28B2651A00F513DC /* APIManager.swift */; };
		F61690C128B2661000F513DC /* EndPoint.swift in Sources */ = {isa = PBXBuildFile; fileRef = F61690C028B2661000F513DC /* EndPoint.swift */; };
		F61690C328B2728900F513DC /* MainImageView.swift in Sources */ = {isa = PBXBuildFile; fileRef = F61690C228B2728900F513DC /* MainImageView.swift */; };
		F61690C528B2729800F513DC /* SearchImageView.swift in Sources */ = {isa = PBXBuildFile; fileRef = F61690C428B2729800F513DC /* SearchImageView.swift */; };
		F61690C728B272AB00F513DC /* MainImageViewController.swift in Sources */ = {isa = PBXBuildFile; fileRef = F61690C628B272AB00F513DC /* MainImageViewController.swift */; };
		F61690C928B272BA00F513DC /* SearchImageViewController.swift in Sources */ = {isa = PBXBuildFile; fileRef = F61690C828B272BA00F513DC /* SearchImageViewController.swift */; };
		F61690CB28B2E48300F513DC /* SearchImageCollectionViewCell.swift in Sources */ = {isa = PBXBuildFile; fileRef = F61690CA28B2E48300F513DC /* SearchImageCollectionViewCell.swift */; };
		F61690DA28B319F100F513DC /* Realm in Frameworks */ = {isa = PBXBuildFile; productRef = F61690D928B319F100F513DC /* Realm */; };
		F61690DC28B319F100F513DC /* RealmSwift in Frameworks */ = {isa = PBXBuildFile; productRef = F61690DB28B319F100F513DC /* RealmSwift */; };
		F61690DF28B31A0600F513DC /* RealmModel.swift in Sources */ = {isa = PBXBuildFile; fileRef = F61690DE28B31A0600F513DC /* RealmModel.swift */; };
		F61690E228B32AA700F513DC /* HomeViewController.swift in Sources */ = {isa = PBXBuildFile; fileRef = F61690E128B32AA700F513DC /* HomeViewController.swift */; };
		F6D23D1728AF8B3D00BE9D93 /* AppDelegate.swift in Sources */ = {isa = PBXBuildFile; fileRef = F6D23D1628AF8B3D00BE9D93 /* AppDelegate.swift */; };
		F6D23D1928AF8B3D00BE9D93 /* SceneDelegate.swift in Sources */ = {isa = PBXBuildFile; fileRef = F6D23D1828AF8B3D00BE9D93 /* SceneDelegate.swift */; };
		F6D23D1E28AF8B3D00BE9D93 /* Main.storyboard in Resources */ = {isa = PBXBuildFile; fileRef = F6D23D1C28AF8B3D00BE9D93 /* Main.storyboard */; };
		F6D23D2028AF8B4100BE9D93 /* Assets.xcassets in Resources */ = {isa = PBXBuildFile; fileRef = F6D23D1F28AF8B4100BE9D93 /* Assets.xcassets */; };
		F6D23D2328AF8B4100BE9D93 /* LaunchScreen.storyboard in Resources */ = {isa = PBXBuildFile; fileRef = F6D23D2128AF8B4100BE9D93 /* LaunchScreen.storyboard */; };
		F6D23D2C28AF8D4500BE9D93 /* SnapKit in Frameworks */ = {isa = PBXBuildFile; productRef = F6D23D2B28AF8D4500BE9D93 /* SnapKit */; };
		F6D23D2F28AF8E4400BE9D93 /* BaseViewController.swift in Sources */ = {isa = PBXBuildFile; fileRef = F6D23D2E28AF8E4400BE9D93 /* BaseViewController.swift */; };
		F6D23D3128AF91D000BE9D93 /* BaseView.swift in Sources */ = {isa = PBXBuildFile; fileRef = F6D23D3028AF91D000BE9D93 /* BaseView.swift */; };
		F6D23D3528AF92E000BE9D93 /* PreviewImage.swift in Sources */ = {isa = PBXBuildFile; fileRef = F6D23D3428AF92E000BE9D93 /* PreviewImage.swift */; };
		F6D23D3928AF93B400BE9D93 /* MainView.swift in Sources */ = {isa = PBXBuildFile; fileRef = F6D23D3828AF93B400BE9D93 /* MainView.swift */; };
		F6D23D3B28AF93BF00BE9D93 /* MainViewController.swift in Sources */ = {isa = PBXBuildFile; fileRef = F6D23D3A28AF93BF00BE9D93 /* MainViewController.swift */; };
		F6D23D3D28AF93C900BE9D93 /* LoginView.swift in Sources */ = {isa = PBXBuildFile; fileRef = F6D23D3C28AF93C900BE9D93 /* LoginView.swift */; };
		F6D23D3F28AF93D000BE9D93 /* LoginViewController.swift in Sources */ = {isa = PBXBuildFile; fileRef = F6D23D3E28AF93D000BE9D93 /* LoginViewController.swift */; };
		F6D23D4228B25BDD00BE9D93 /* Model.swift in Sources */ = {isa = PBXBuildFile; fileRef = F6D23D4128B25BDD00BE9D93 /* Model.swift */; };
/* End PBXBuildFile section */

/* Begin PBXFileReference section */
		F61690B928B264E200F513DC /* .gitignore */ = {isa = PBXFileReference; lastKnownFileType = text; path = .gitignore; sourceTree = "<group>"; };
		F61690BC28B2650F00F513DC /* Key.swift */ = {isa = PBXFileReference; lastKnownFileType = sourcecode.swift; path = Key.swift; sourceTree = "<group>"; };
		F61690BE28B2651A00F513DC /* APIManager.swift */ = {isa = PBXFileReference; lastKnownFileType = sourcecode.swift; path = APIManager.swift; sourceTree = "<group>"; };
		F61690C028B2661000F513DC /* EndPoint.swift */ = {isa = PBXFileReference; lastKnownFileType = sourcecode.swift; path = EndPoint.swift; sourceTree = "<group>"; };
		F61690C228B2728900F513DC /* MainImageView.swift */ = {isa = PBXFileReference; lastKnownFileType = sourcecode.swift; path = MainImageView.swift; sourceTree = "<group>"; };
		F61690C428B2729800F513DC /* SearchImageView.swift */ = {isa = PBXFileReference; lastKnownFileType = sourcecode.swift; path = SearchImageView.swift; sourceTree = "<group>"; };
		F61690C628B272AB00F513DC /* MainImageViewController.swift */ = {isa = PBXFileReference; lastKnownFileType = sourcecode.swift; path = MainImageViewController.swift; sourceTree = "<group>"; };
		F61690C828B272BA00F513DC /* SearchImageViewController.swift */ = {isa = PBXFileReference; lastKnownFileType = sourcecode.swift; path = SearchImageViewController.swift; sourceTree = "<group>"; };
		F61690CA28B2E48300F513DC /* SearchImageCollectionViewCell.swift */ = {isa = PBXFileReference; lastKnownFileType = sourcecode.swift; path = SearchImageCollectionViewCell.swift; sourceTree = "<group>"; };
		F61690DE28B31A0600F513DC /* RealmModel.swift */ = {isa = PBXFileReference; lastKnownFileType = sourcecode.swift; path = RealmModel.swift; sourceTree = "<group>"; };
		F61690E128B32AA700F513DC /* HomeViewController.swift */ = {isa = PBXFileReference; lastKnownFileType = sourcecode.swift; path = HomeViewController.swift; sourceTree = "<group>"; };
		F6D23D1328AF8B3D00BE9D93 /* SeSAC Week7 DiaryProject.app */ = {isa = PBXFileReference; explicitFileType = wrapper.application; includeInIndex = 0; path = "SeSAC Week7 DiaryProject.app"; sourceTree = BUILT_PRODUCTS_DIR; };
		F6D23D1628AF8B3D00BE9D93 /* AppDelegate.swift */ = {isa = PBXFileReference; lastKnownFileType = sourcecode.swift; path = AppDelegate.swift; sourceTree = "<group>"; };
		F6D23D1828AF8B3D00BE9D93 /* SceneDelegate.swift */ = {isa = PBXFileReference; lastKnownFileType = sourcecode.swift; path = SceneDelegate.swift; sourceTree = "<group>"; };
		F6D23D1D28AF8B3D00BE9D93 /* Base */ = {isa = PBXFileReference; lastKnownFileType = file.storyboard; name = Base; path = Base.lproj/Main.storyboard; sourceTree = "<group>"; };
		F6D23D1F28AF8B4100BE9D93 /* Assets.xcassets */ = {isa = PBXFileReference; lastKnownFileType = folder.assetcatalog; path = Assets.xcassets; sourceTree = "<group>"; };
		F6D23D2228AF8B4100BE9D93 /* Base */ = {isa = PBXFileReference; lastKnownFileType = file.storyboard; name = Base; path = Base.lproj/LaunchScreen.storyboard; sourceTree = "<group>"; };
		F6D23D2428AF8B4100BE9D93 /* Info.plist */ = {isa = PBXFileReference; lastKnownFileType = text.plist.xml; path = Info.plist; sourceTree = "<group>"; };
		F6D23D2E28AF8E4400BE9D93 /* BaseViewController.swift */ = {isa = PBXFileReference; lastKnownFileType = sourcecode.swift; path = BaseViewController.swift; sourceTree = "<group>"; };
		F6D23D3028AF91D000BE9D93 /* BaseView.swift */ = {isa = PBXFileReference; lastKnownFileType = sourcecode.swift; path = BaseView.swift; sourceTree = "<group>"; };
		F6D23D3428AF92E000BE9D93 /* PreviewImage.swift */ = {isa = PBXFileReference; lastKnownFileType = sourcecode.swift; path = PreviewImage.swift; sourceTree = "<group>"; };
		F6D23D3828AF93B400BE9D93 /* MainView.swift */ = {isa = PBXFileReference; lastKnownFileType = sourcecode.swift; path = MainView.swift; sourceTree = "<group>"; };
		F6D23D3A28AF93BF00BE9D93 /* MainViewController.swift */ = {isa = PBXFileReference; lastKnownFileType = sourcecode.swift; path = MainViewController.swift; sourceTree = "<group>"; };
		F6D23D3C28AF93C900BE9D93 /* LoginView.swift */ = {isa = PBXFileReference; lastKnownFileType = sourcecode.swift; path = LoginView.swift; sourceTree = "<group>"; };
		F6D23D3E28AF93D000BE9D93 /* LoginViewController.swift */ = {isa = PBXFileReference; lastKnownFileType = sourcecode.swift; path = LoginViewController.swift; sourceTree = "<group>"; };
		F6D23D4128B25BDD00BE9D93 /* Model.swift */ = {isa = PBXFileReference; lastKnownFileType = sourcecode.swift; path = Model.swift; sourceTree = "<group>"; };
/* End PBXFileReference section */

/* Begin PBXFrameworksBuildPhase section */
		F6D23D1028AF8B3D00BE9D93 /* Frameworks */ = {
			isa = PBXFrameworksBuildPhase;
			buildActionMask = 2147483647;
			files = (
				F61690DC28B319F100F513DC /* RealmSwift in Frameworks */,
				F61690B828B2612200F513DC /* Kingfisher in Frameworks */,
				F61690B528B2611600F513DC /* SwiftyJSON in Frameworks */,
				F6D23D2C28AF8D4500BE9D93 /* SnapKit in Frameworks */,
				F61690B228B2610B00F513DC /* Alamofire in Frameworks */,
				F61690DA28B319F100F513DC /* Realm in Frameworks */,
			);
			runOnlyForDeploymentPostprocessing = 0;
		};
/* End PBXFrameworksBuildPhase section */

/* Begin PBXGroup section */
		F61690CC28B2EB6300F513DC /* Key */ = {
			isa = PBXGroup;
			children = (
				F61690BC28B2650F00F513DC /* Key.swift */,
			);
			path = Key;
			sourceTree = "<group>";
		};
		F61690DD28B319F700F513DC /* Realm */ = {
			isa = PBXGroup;
			children = (
				F61690DE28B31A0600F513DC /* RealmModel.swift */,
			);
			path = Realm;
			sourceTree = "<group>";
		};
		F61690E028B32A9C00F513DC /* Home */ = {
			isa = PBXGroup;
			children = (
				F61690E128B32AA700F513DC /* HomeViewController.swift */,
			);
			path = Home;
			sourceTree = "<group>";
		};
		F6D23D0A28AF8B3D00BE9D93 = {
			isa = PBXGroup;
			children = (
				F61690B928B264E200F513DC /* .gitignore */,
				F6D23D1528AF8B3D00BE9D93 /* SeSAC Week7 DiaryProject */,
				F6D23D1428AF8B3D00BE9D93 /* Products */,
			);
			sourceTree = "<group>";
		};
		F6D23D1428AF8B3D00BE9D93 /* Products */ = {
			isa = PBXGroup;
			children = (
				F6D23D1328AF8B3D00BE9D93 /* SeSAC Week7 DiaryProject.app */,
			);
			name = Products;
			sourceTree = "<group>";
		};
		F6D23D1528AF8B3D00BE9D93 /* SeSAC Week7 DiaryProject */ = {
			isa = PBXGroup;
			children = (
				F6D23D2D28AF8D6F00BE9D93 /* NetflixFolder */,
				F6D23D1628AF8B3D00BE9D93 /* AppDelegate.swift */,
				F6D23D1828AF8B3D00BE9D93 /* SceneDelegate.swift */,
				F6D23D1C28AF8B3D00BE9D93 /* Main.storyboard */,
				F6D23D1F28AF8B4100BE9D93 /* Assets.xcassets */,
				F6D23D2128AF8B4100BE9D93 /* LaunchScreen.storyboard */,
				F6D23D2428AF8B4100BE9D93 /* Info.plist */,
			);
			path = "SeSAC Week7 DiaryProject";
			sourceTree = "<group>";
		};
		F6D23D2D28AF8D6F00BE9D93 /* NetflixFolder */ = {
			isa = PBXGroup;
			children = (
				F61690E028B32A9C00F513DC /* Home */,
				F61690DD28B319F700F513DC /* Realm */,
				F61690CC28B2EB6300F513DC /* Key */,
				F6D23D4028B25BD500BE9D93 /* Model */,
				F6D23D3728AF936A00BE9D93 /* Controllers */,
				F6D23D3628AF934000BE9D93 /* View */,
				F6D23D3228AF91D800BE9D93 /* ViewModel */,
			);
			path = NetflixFolder;
			sourceTree = "<group>";
		};
		F6D23D3228AF91D800BE9D93 /* ViewModel */ = {
			isa = PBXGroup;
			children = (
				F6D23D3328AF927200BE9D93 /* CustomView */,
				F6D23D2E28AF8E4400BE9D93 /* BaseViewController.swift */,
				F6D23D3028AF91D000BE9D93 /* BaseView.swift */,
			);
			path = ViewModel;
			sourceTree = "<group>";
		};
		F6D23D3328AF927200BE9D93 /* CustomView */ = {
			isa = PBXGroup;
			children = (
				F6D23D3428AF92E000BE9D93 /* PreviewImage.swift */,
			);
			path = CustomView;
			sourceTree = "<group>";
		};
		F6D23D3628AF934000BE9D93 /* View */ = {
			isa = PBXGroup;
			children = (
				F6D23D3828AF93B400BE9D93 /* MainView.swift */,
				F6D23D3C28AF93C900BE9D93 /* LoginView.swift */,
				F61690C228B2728900F513DC /* MainImageView.swift */,
				F61690C428B2729800F513DC /* SearchImageView.swift */,
				F61690CA28B2E48300F513DC /* SearchImageCollectionViewCell.swift */,
			);
			path = View;
			sourceTree = "<group>";
		};
		F6D23D3728AF936A00BE9D93 /* Controllers */ = {
			isa = PBXGroup;
			children = (
				F6D23D3A28AF93BF00BE9D93 /* MainViewController.swift */,
				F6D23D3E28AF93D000BE9D93 /* LoginViewController.swift */,
				F61690C628B272AB00F513DC /* MainImageViewController.swift */,
				F61690C828B272BA00F513DC /* SearchImageViewController.swift */,
			);
			path = Controllers;
			sourceTree = "<group>";
		};
		F6D23D4028B25BD500BE9D93 /* Model */ = {
			isa = PBXGroup;
			children = (
				F6D23D4128B25BDD00BE9D93 /* Model.swift */,
				F61690BE28B2651A00F513DC /* APIManager.swift */,
				F61690C028B2661000F513DC /* EndPoint.swift */,
			);
			path = Model;
			sourceTree = "<group>";
		};
/* End PBXGroup section */

/* Begin PBXNativeTarget section */
		F6D23D1228AF8B3D00BE9D93 /* SeSAC Week7 DiaryProject */ = {
			isa = PBXNativeTarget;
			buildConfigurationList = F6D23D2728AF8B4100BE9D93 /* Build configuration list for PBXNativeTarget "SeSAC Week7 DiaryProject" */;
			buildPhases = (
				F6D23D0F28AF8B3D00BE9D93 /* Sources */,
				F6D23D1028AF8B3D00BE9D93 /* Frameworks */,
				F6D23D1128AF8B3D00BE9D93 /* Resources */,
			);
			buildRules = (
			);
			dependencies = (
			);
			name = "SeSAC Week7 DiaryProject";
			packageProductDependencies = (
				F6D23D2B28AF8D4500BE9D93 /* SnapKit */,
				F61690B128B2610B00F513DC /* Alamofire */,
				F61690B428B2611600F513DC /* SwiftyJSON */,
				F61690B728B2612200F513DC /* Kingfisher */,
				F61690D928B319F100F513DC /* Realm */,
				F61690DB28B319F100F513DC /* RealmSwift */,
			);
			productName = "SeSAC Week7 DiaryProject";
			productReference = F6D23D1328AF8B3D00BE9D93 /* SeSAC Week7 DiaryProject.app */;
			productType = "com.apple.product-type.application";
		};
/* End PBXNativeTarget section */

/* Begin PBXProject section */
		F6D23D0B28AF8B3D00BE9D93 /* Project object */ = {
			isa = PBXProject;
			attributes = {
				BuildIndependentTargetsInParallel = 1;
				LastSwiftUpdateCheck = 1340;
				LastUpgradeCheck = 1340;
				TargetAttributes = {
					F6D23D1228AF8B3D00BE9D93 = {
						CreatedOnToolsVersion = 13.4.1;
					};
				};
			};
			buildConfigurationList = F6D23D0E28AF8B3D00BE9D93 /* Build configuration list for PBXProject "SeSAC Week7 DiaryProject" */;
			compatibilityVersion = "Xcode 13.0";
			developmentRegion = en;
			hasScannedForEncodings = 0;
			knownRegions = (
				en,
				Base,
			);
			mainGroup = F6D23D0A28AF8B3D00BE9D93;
			packageReferences = (
				F6D23D2A28AF8D4500BE9D93 /* XCRemoteSwiftPackageReference "SnapKit" */,
				F61690B028B2610B00F513DC /* XCRemoteSwiftPackageReference "Alamofire" */,
				F61690B328B2611600F513DC /* XCRemoteSwiftPackageReference "SwiftyJSON" */,
				F61690B628B2612200F513DC /* XCRemoteSwiftPackageReference "Kingfisher" */,
				F61690D828B319F100F513DC /* XCRemoteSwiftPackageReference "realm-swift" */,
			);
			productRefGroup = F6D23D1428AF8B3D00BE9D93 /* Products */;
			projectDirPath = "";
			projectRoot = "";
			targets = (
				F6D23D1228AF8B3D00BE9D93 /* SeSAC Week7 DiaryProject */,
			);
		};
/* End PBXProject section */

/* Begin PBXResourcesBuildPhase section */
		F6D23D1128AF8B3D00BE9D93 /* Resources */ = {
			isa = PBXResourcesBuildPhase;
			buildActionMask = 2147483647;
			files = (
				F61690BA28B264E200F513DC /* .gitignore in Resources */,
				F6D23D2328AF8B4100BE9D93 /* LaunchScreen.storyboard in Resources */,
				F6D23D2028AF8B4100BE9D93 /* Assets.xcassets in Resources */,
				F6D23D1E28AF8B3D00BE9D93 /* Main.storyboard in Resources */,
			);
			runOnlyForDeploymentPostprocessing = 0;
		};
/* End PBXResourcesBuildPhase section */

/* Begin PBXSourcesBuildPhase section */
		F6D23D0F28AF8B3D00BE9D93 /* Sources */ = {
			isa = PBXSourcesBuildPhase;
			buildActionMask = 2147483647;
			files = (
				F61690C128B2661000F513DC /* EndPoint.swift in Sources */,
				F61690C328B2728900F513DC /* MainImageView.swift in Sources */,
				F61690DF28B31A0600F513DC /* RealmModel.swift in Sources */,
				F61690CB28B2E48300F513DC /* SearchImageCollectionViewCell.swift in Sources */,
				F61690BF28B2651A00F513DC /* APIManager.swift in Sources */,
				F6D23D3F28AF93D000BE9D93 /* LoginViewController.swift in Sources */,
				F6D23D3B28AF93BF00BE9D93 /* MainViewController.swift in Sources */,
				F61690BD28B2650F00F513DC /* Key.swift in Sources */,
				F6D23D3528AF92E000BE9D93 /* PreviewImage.swift in Sources */,
				F61690C928B272BA00F513DC /* SearchImageViewController.swift in Sources */,
				F6D23D3928AF93B400BE9D93 /* MainView.swift in Sources */,
				F6D23D1728AF8B3D00BE9D93 /* AppDelegate.swift in Sources */,
				F6D23D4228B25BDD00BE9D93 /* Model.swift in Sources */,
				F61690C528B2729800F513DC /* SearchImageView.swift in Sources */,
				F6D23D1928AF8B3D00BE9D93 /* SceneDelegate.swift in Sources */,
				F61690E228B32AA700F513DC /* HomeViewController.swift in Sources */,
				F6D23D2F28AF8E4400BE9D93 /* BaseViewController.swift in Sources */,
				F6D23D3D28AF93C900BE9D93 /* LoginView.swift in Sources */,
				F6D23D3128AF91D000BE9D93 /* BaseView.swift in Sources */,
				F61690C728B272AB00F513DC /* MainImageViewController.swift in Sources */,
			);
			runOnlyForDeploymentPostprocessing = 0;
		};
/* End PBXSourcesBuildPhase section */

/* Begin PBXVariantGroup section */
		F6D23D1C28AF8B3D00BE9D93 /* Main.storyboard */ = {
			isa = PBXVariantGroup;
			children = (
				F6D23D1D28AF8B3D00BE9D93 /* Base */,
			);
			name = Main.storyboard;
			sourceTree = "<group>";
		};
		F6D23D2128AF8B4100BE9D93 /* LaunchScreen.storyboard */ = {
			isa = PBXVariantGroup;
			children = (
				F6D23D2228AF8B4100BE9D93 /* Base */,
			);
			name = LaunchScreen.storyboard;
			sourceTree = "<group>";
		};
/* End PBXVariantGroup section */

/* Begin XCBuildConfiguration section */
		F6D23D2528AF8B4100BE9D93 /* Debug */ = {
			isa = XCBuildConfiguration;
			buildSettings = {
				ALWAYS_SEARCH_USER_PATHS = NO;
				CLANG_ANALYZER_NONNULL = YES;
				CLANG_ANALYZER_NUMBER_OBJECT_CONVERSION = YES_AGGRESSIVE;
				CLANG_CXX_LANGUAGE_STANDARD = "gnu++17";
				CLANG_ENABLE_MODULES = YES;
				CLANG_ENABLE_OBJC_ARC = YES;
				CLANG_ENABLE_OBJC_WEAK = YES;
				CLANG_WARN_BLOCK_CAPTURE_AUTORELEASING = YES;
				CLANG_WARN_BOOL_CONVERSION = YES;
				CLANG_WARN_COMMA = YES;
				CLANG_WARN_CONSTANT_CONVERSION = YES;
				CLANG_WARN_DEPRECATED_OBJC_IMPLEMENTATIONS = YES;
				CLANG_WARN_DIRECT_OBJC_ISA_USAGE = YES_ERROR;
				CLANG_WARN_DOCUMENTATION_COMMENTS = YES;
				CLANG_WARN_EMPTY_BODY = YES;
				CLANG_WARN_ENUM_CONVERSION = YES;
				CLANG_WARN_INFINITE_RECURSION = YES;
				CLANG_WARN_INT_CONVERSION = YES;
				CLANG_WARN_NON_LITERAL_NULL_CONVERSION = YES;
				CLANG_WARN_OBJC_IMPLICIT_RETAIN_SELF = YES;
				CLANG_WARN_OBJC_LITERAL_CONVERSION = YES;
				CLANG_WARN_OBJC_ROOT_CLASS = YES_ERROR;
				CLANG_WARN_QUOTED_INCLUDE_IN_FRAMEWORK_HEADER = YES;
				CLANG_WARN_RANGE_LOOP_ANALYSIS = YES;
				CLANG_WARN_STRICT_PROTOTYPES = YES;
				CLANG_WARN_SUSPICIOUS_MOVE = YES;
				CLANG_WARN_UNGUARDED_AVAILABILITY = YES_AGGRESSIVE;
				CLANG_WARN_UNREACHABLE_CODE = YES;
				CLANG_WARN__DUPLICATE_METHOD_MATCH = YES;
				COPY_PHASE_STRIP = NO;
				DEBUG_INFORMATION_FORMAT = dwarf;
				ENABLE_STRICT_OBJC_MSGSEND = YES;
				ENABLE_TESTABILITY = YES;
				GCC_C_LANGUAGE_STANDARD = gnu11;
				GCC_DYNAMIC_NO_PIC = NO;
				GCC_NO_COMMON_BLOCKS = YES;
				GCC_OPTIMIZATION_LEVEL = 0;
				GCC_PREPROCESSOR_DEFINITIONS = (
					"DEBUG=1",
					"$(inherited)",
				);
				GCC_WARN_64_TO_32_BIT_CONVERSION = YES;
				GCC_WARN_ABOUT_RETURN_TYPE = YES_ERROR;
				GCC_WARN_UNDECLARED_SELECTOR = YES;
				GCC_WARN_UNINITIALIZED_AUTOS = YES_AGGRESSIVE;
				GCC_WARN_UNUSED_FUNCTION = YES;
				GCC_WARN_UNUSED_VARIABLE = YES;
				IPHONEOS_DEPLOYMENT_TARGET = 15.5;
				MTL_ENABLE_DEBUG_INFO = INCLUDE_SOURCE;
				MTL_FAST_MATH = YES;
				ONLY_ACTIVE_ARCH = YES;
				SDKROOT = iphoneos;
				SWIFT_ACTIVE_COMPILATION_CONDITIONS = DEBUG;
				SWIFT_OPTIMIZATION_LEVEL = "-Onone";
			};
			name = Debug;
		};
		F6D23D2628AF8B4100BE9D93 /* Release */ = {
			isa = XCBuildConfiguration;
			buildSettings = {
				ALWAYS_SEARCH_USER_PATHS = NO;
				CLANG_ANALYZER_NONNULL = YES;
				CLANG_ANALYZER_NUMBER_OBJECT_CONVERSION = YES_AGGRESSIVE;
				CLANG_CXX_LANGUAGE_STANDARD = "gnu++17";
				CLANG_ENABLE_MODULES = YES;
				CLANG_ENABLE_OBJC_ARC = YES;
				CLANG_ENABLE_OBJC_WEAK = YES;
				CLANG_WARN_BLOCK_CAPTURE_AUTORELEASING = YES;
				CLANG_WARN_BOOL_CONVERSION = YES;
				CLANG_WARN_COMMA = YES;
				CLANG_WARN_CONSTANT_CONVERSION = YES;
				CLANG_WARN_DEPRECATED_OBJC_IMPLEMENTATIONS = YES;
				CLANG_WARN_DIRECT_OBJC_ISA_USAGE = YES_ERROR;
				CLANG_WARN_DOCUMENTATION_COMMENTS = YES;
				CLANG_WARN_EMPTY_BODY = YES;
				CLANG_WARN_ENUM_CONVERSION = YES;
				CLANG_WARN_INFINITE_RECURSION = YES;
				CLANG_WARN_INT_CONVERSION = YES;
				CLANG_WARN_NON_LITERAL_NULL_CONVERSION = YES;
				CLANG_WARN_OBJC_IMPLICIT_RETAIN_SELF = YES;
				CLANG_WARN_OBJC_LITERAL_CONVERSION = YES;
				CLANG_WARN_OBJC_ROOT_CLASS = YES_ERROR;
				CLANG_WARN_QUOTED_INCLUDE_IN_FRAMEWORK_HEADER = YES;
				CLANG_WARN_RANGE_LOOP_ANALYSIS = YES;
				CLANG_WARN_STRICT_PROTOTYPES = YES;
				CLANG_WARN_SUSPICIOUS_MOVE = YES;
				CLANG_WARN_UNGUARDED_AVAILABILITY = YES_AGGRESSIVE;
				CLANG_WARN_UNREACHABLE_CODE = YES;
				CLANG_WARN__DUPLICATE_METHOD_MATCH = YES;
				COPY_PHASE_STRIP = NO;
				DEBUG_INFORMATION_FORMAT = "dwarf-with-dsym";
				ENABLE_NS_ASSERTIONS = NO;
				ENABLE_STRICT_OBJC_MSGSEND = YES;
				GCC_C_LANGUAGE_STANDARD = gnu11;
				GCC_NO_COMMON_BLOCKS = YES;
				GCC_WARN_64_TO_32_BIT_CONVERSION = YES;
				GCC_WARN_ABOUT_RETURN_TYPE = YES_ERROR;
				GCC_WARN_UNDECLARED_SELECTOR = YES;
				GCC_WARN_UNINITIALIZED_AUTOS = YES_AGGRESSIVE;
				GCC_WARN_UNUSED_FUNCTION = YES;
				GCC_WARN_UNUSED_VARIABLE = YES;
				IPHONEOS_DEPLOYMENT_TARGET = 15.5;
				MTL_ENABLE_DEBUG_INFO = NO;
				MTL_FAST_MATH = YES;
				SDKROOT = iphoneos;
				SWIFT_COMPILATION_MODE = wholemodule;
				SWIFT_OPTIMIZATION_LEVEL = "-O";
				VALIDATE_PRODUCT = YES;
			};
			name = Release;
		};
		F6D23D2828AF8B4100BE9D93 /* Debug */ = {
			isa = XCBuildConfiguration;
			buildSettings = {
				ASSETCATALOG_COMPILER_APPICON_NAME = AppIcon;
				ASSETCATALOG_COMPILER_GLOBAL_ACCENT_COLOR_NAME = AccentColor;
				CODE_SIGN_STYLE = Automatic;
				CURRENT_PROJECT_VERSION = 1;
				DEVELOPMENT_TEAM = FJNF7APGSX;
				GENERATE_INFOPLIST_FILE = YES;
				INFOPLIST_FILE = "SeSAC Week7 DiaryProject/Info.plist";
				INFOPLIST_KEY_UIApplicationSupportsIndirectInputEvents = YES;
				INFOPLIST_KEY_UILaunchStoryboardName = LaunchScreen;
				INFOPLIST_KEY_UIMainStoryboardFile = Main;
				INFOPLIST_KEY_UISupportedInterfaceOrientations = UIInterfaceOrientationPortrait;
				INFOPLIST_KEY_UISupportedInterfaceOrientations_iPad = "UIInterfaceOrientationPortrait UIInterfaceOrientationPortraitUpsideDown UIInterfaceOrientationLandscapeLeft UIInterfaceOrientationLandscapeRight";
				INFOPLIST_KEY_UISupportedInterfaceOrientations_iPhone = "UIInterfaceOrientationPortrait UIInterfaceOrientationLandscapeLeft UIInterfaceOrientationLandscapeRight";
				IPHONEOS_DEPLOYMENT_TARGET = 15.0;
				LD_RUNPATH_SEARCH_PATHS = (
					"$(inherited)",
					"@executable_path/Frameworks",
				);
				MARKETING_VERSION = 1.0;
				PRODUCT_BUNDLE_IDENTIFIER = "com.rOarMJ.SeSAC-Week7-DiaryProject";
				PRODUCT_NAME = "$(TARGET_NAME)";
				SWIFT_EMIT_LOC_STRINGS = YES;
				SWIFT_VERSION = 5.0;
				TARGETED_DEVICE_FAMILY = 1;
			};
			name = Debug;
		};
		F6D23D2928AF8B4100BE9D93 /* Release */ = {
			isa = XCBuildConfiguration;
			buildSettings = {
				ASSETCATALOG_COMPILER_APPICON_NAME = AppIcon;
				ASSETCATALOG_COMPILER_GLOBAL_ACCENT_COLOR_NAME = AccentColor;
				CODE_SIGN_STYLE = Automatic;
				CURRENT_PROJECT_VERSION = 1;
				DEVELOPMENT_TEAM = FJNF7APGSX;
				GENERATE_INFOPLIST_FILE = YES;
				INFOPLIST_FILE = "SeSAC Week7 DiaryProject/Info.plist";
				INFOPLIST_KEY_UIApplicationSupportsIndirectInputEvents = YES;
				INFOPLIST_KEY_UILaunchStoryboardName = LaunchScreen;
				INFOPLIST_KEY_UIMainStoryboardFile = Main;
				INFOPLIST_KEY_UISupportedInterfaceOrientations = UIInterfaceOrientationPortrait;
				INFOPLIST_KEY_UISupportedInterfaceOrientations_iPad = "UIInterfaceOrientationPortrait UIInterfaceOrientationPortraitUpsideDown UIInterfaceOrientationLandscapeLeft UIInterfaceOrientationLandscapeRight";
				INFOPLIST_KEY_UISupportedInterfaceOrientations_iPhone = "UIInterfaceOrientationPortrait UIInterfaceOrientationLandscapeLeft UIInterfaceOrientationLandscapeRight";
				IPHONEOS_DEPLOYMENT_TARGET = 15.0;
				LD_RUNPATH_SEARCH_PATHS = (
					"$(inherited)",
					"@executable_path/Frameworks",
				);
				MARKETING_VERSION = 1.0;
				PRODUCT_BUNDLE_IDENTIFIER = "com.rOarMJ.SeSAC-Week7-DiaryProject";
				PRODUCT_NAME = "$(TARGET_NAME)";
				SWIFT_EMIT_LOC_STRINGS = YES;
				SWIFT_VERSION = 5.0;
				TARGETED_DEVICE_FAMILY = 1;
			};
			name = Release;
		};
/* End XCBuildConfiguration section */

/* Begin XCConfigurationList section */
		F6D23D0E28AF8B3D00BE9D93 /* Build configuration list for PBXProject "SeSAC Week7 DiaryProject" */ = {
			isa = XCConfigurationList;
			buildConfigurations = (
				F6D23D2528AF8B4100BE9D93 /* Debug */,
				F6D23D2628AF8B4100BE9D93 /* Release */,
			);
			defaultConfigurationIsVisible = 0;
			defaultConfigurationName = Release;
		};
		F6D23D2728AF8B4100BE9D93 /* Build configuration list for PBXNativeTarget "SeSAC Week7 DiaryProject" */ = {
			isa = XCConfigurationList;
			buildConfigurations = (
				F6D23D2828AF8B4100BE9D93 /* Debug */,
				F6D23D2928AF8B4100BE9D93 /* Release */,
			);
			defaultConfigurationIsVisible = 0;
			defaultConfigurationName = Release;
		};
/* End XCConfigurationList section */

/* Begin XCRemoteSwiftPackageReference section */
		F61690B028B2610B00F513DC /* XCRemoteSwiftPackageReference "Alamofire" */ = {
			isa = XCRemoteSwiftPackageReference;
			repositoryURL = "https://github.com/Alamofire/Alamofire";
			requirement = {
				kind = upToNextMajorVersion;
				minimumVersion = 5.0.0;
			};
		};
		F61690B328B2611600F513DC /* XCRemoteSwiftPackageReference "SwiftyJSON" */ = {
			isa = XCRemoteSwiftPackageReference;
			repositoryURL = "https://github.com/SwiftyJSON/SwiftyJSON.git";
			requirement = {
				kind = upToNextMajorVersion;
				minimumVersion = 5.0.0;
			};
		};
		F61690B628B2612200F513DC /* XCRemoteSwiftPackageReference "Kingfisher" */ = {
			isa = XCRemoteSwiftPackageReference;
			repositoryURL = "https://github.com/onevcat/Kingfisher.git";
			requirement = {
				kind = upToNextMajorVersion;
				minimumVersion = 7.0.0;
			};
		};
		F61690D828B319F100F513DC /* XCRemoteSwiftPackageReference "realm-swift" */ = {
			isa = XCRemoteSwiftPackageReference;
			repositoryURL = "https://github.com/realm/realm-swift.git";
			requirement = {
				kind = upToNextMajorVersion;
				minimumVersion = 10.0.0;
			};
		};
		F6D23D2A28AF8D4500BE9D93 /* XCRemoteSwiftPackageReference "SnapKit" */ = {
			isa = XCRemoteSwiftPackageReference;
			repositoryURL = "https://github.com/SnapKit/SnapKit.git";
			requirement = {
				kind = upToNextMajorVersion;
				minimumVersion = 5.0.0;
			};
		};
/* End XCRemoteSwiftPackageReference section */

/* Begin XCSwiftPackageProductDependency section */
		F61690B128B2610B00F513DC /* Alamofire */ = {
			isa = XCSwiftPackageProductDependency;
			package = F61690B028B2610B00F513DC /* XCRemoteSwiftPackageReference "Alamofire" */;
			productName = Alamofire;
		};
		F61690B428B2611600F513DC /* SwiftyJSON */ = {
			isa = XCSwiftPackageProductDependency;
			package = F61690B328B2611600F513DC /* XCRemoteSwiftPackageReference "SwiftyJSON" */;
			productName = SwiftyJSON;
		};
		F61690B728B2612200F513DC /* Kingfisher */ = {
			isa = XCSwiftPackageProductDependency;
			package = F61690B628B2612200F513DC /* XCRemoteSwiftPackageReference "Kingfisher" */;
			productName = Kingfisher;
		};
		F61690D928B319F100F513DC /* Realm */ = {
			isa = XCSwiftPackageProductDependency;
			package = F61690D828B319F100F513DC /* XCRemoteSwiftPackageReference "realm-swift" */;
			productName = Realm;
		};
		F61690DB28B319F100F513DC /* RealmSwift */ = {
			isa = XCSwiftPackageProductDependency;
			package = F61690D828B319F100F513DC /* XCRemoteSwiftPackageReference "realm-swift" */;
			productName = RealmSwift;
		};
		F6D23D2B28AF8D4500BE9D93 /* SnapKit */ = {
			isa = XCSwiftPackageProductDependency;
			package = F6D23D2A28AF8D4500BE9D93 /* XCRemoteSwiftPackageReference "SnapKit" */;
			productName = SnapKit;
		};
/* End XCSwiftPackageProductDependency section */
	};
	rootObject = F6D23D0B28AF8B3D00BE9D93 /* Project object */;
}
